
Microsoft Visual Studio Solution File, Format Version 12.00
# Visual Studio Version 16
VisualStudioVersion = 16.0.29306.81
MinimumVisualStudioVersion = 10.0.40219.1
Project("{FAE04EC0-301F-11D3-BF4B-00C04F79EFBC}") = "Mastermind", "Mastermind\Mastermind.csproj", "{C9DAA32B-377B-4529-8DC7-95614F3357C6}"
EndProject
Global
	GlobalSection(SolutionConfigurationPlatforms) = preSolution
		Debug|Any CPU = Debug|Any CPU
		Release|Any CPU = Release|Any CPU
	EndGlobalSection
	GlobalSection(ProjectConfigurationPlatforms) = postSolution
		{C9DAA32B-377B-4529-8DC7-95614F3357C6}.Debug|Any CPU.ActiveCfg = Debug|Any CPU
		{C9DAA32B-377B-4529-8DC7-95614F3357C6}.Debug|Any CPU.Build.0 = Debug|Any CPU
		{C9DAA32B-377B-4529-8DC7-95614F3357C6}.Release|Any CPU.ActiveCfg = Release|Any CPU
		{C9DAA32B-377B-4529-8DC7-95614F3357C6}.Release|Any CPU.Build.0 = Release|Any CPU
	EndGlobalSection
	GlobalSection(SolutionProperties) = preSolution
		HideSolutionNode = FALSE
	EndGlobalSection
	GlobalSection(ExtensibilityGlobals) = postSolution
		SolutionGuid = {0F260191-8E09-4A9B-88A5-45F73CFDA6A6}
	EndGlobalSection
EndGlobal
